
Microsoft Visual Studio Solution File, Format Version 12.00
# Visual Studio Version 16
VisualStudioVersion = 16.0.31829.152
MinimumVisualStudioVersion = 10.0.40219.1
Project("{FAE04EC0-301F-11D3-BF4B-00C04F79EFBC}") = "CacheService", "CacheService\CacheService.csproj", "{0E58F128-E5BA-47A1-860F-3890CD8EE47D}"
EndProject
Global
	GlobalSection(SolutionConfigurationPlatforms) = preSolution
		Debug|Any CPU = Debug|Any CPU
		Release|Any CPU = Release|Any CPU
	EndGlobalSection
	GlobalSection(ProjectConfigurationPlatforms) = postSolution
		{0E58F128-E5BA-47A1-860F-3890CD8EE47D}.Debug|Any CPU.ActiveCfg = Debug|Any CPU
		{0E58F128-E5BA-47A1-860F-3890CD8EE47D}.Debug|Any CPU.Build.0 = Debug|Any CPU
		{0E58F128-E5BA-47A1-860F-3890CD8EE47D}.Release|Any CPU.ActiveCfg = Release|Any CPU
		{0E58F128-E5BA-47A1-860F-3890CD8EE47D}.Release|Any CPU.Build.0 = Release|Any CPU
	EndGlobalSection
	GlobalSection(SolutionProperties) = preSolution
		HideSolutionNode = FALSE
	EndGlobalSection
	GlobalSection(ExtensibilityGlobals) = postSolution
		SolutionGuid = {7E3F73F8-C98A-431E-BF7A-54FADA1F577D}
	EndGlobalSection
EndGlobal
